// !$*UTF8*$!
{
	archiveVersion = 1;
	classes = {
	};
	objectVersion = 46;
	objects = {

/* Begin PBXBuildFile section */
		EE7BBC7D1CDAF5CC00318415 /* AppDelegate.swift in Sources */ = {isa = PBXBuildFile; fileRef = EE7BBC7C1CDAF5CC00318415 /* AppDelegate.swift */; };
		EE7BBC7F1CDAF5CC00318415 /* art.scnassets in Resources */ = {isa = PBXBuildFile; fileRef = EE7BBC7E1CDAF5CC00318415 /* art.scnassets */; };
		EE7BBC811CDAF5CC00318415 /* GameViewController.swift in Sources */ = {isa = PBXBuildFile; fileRef = EE7BBC801CDAF5CC00318415 /* GameViewController.swift */; };
		EE7BBC841CDAF5CC00318415 /* Main.storyboard in Resources */ = {isa = PBXBuildFile; fileRef = EE7BBC821CDAF5CC00318415 /* Main.storyboard */; };
		EE7BBC861CDAF5CC00318415 /* Assets.xcassets in Resources */ = {isa = PBXBuildFile; fileRef = EE7BBC851CDAF5CC00318415 /* Assets.xcassets */; };
		EE7BBC891CDAF5CC00318415 /* LaunchScreen.storyboard in Resources */ = {isa = PBXBuildFile; fileRef = EE7BBC871CDAF5CC00318415 /* LaunchScreen.storyboard */; };
/* End PBXBuildFile section */

/* Begin PBXFileReference section */
		EE7BBC791CDAF5CC00318415 /* Tunnel Flyer.app */ = {isa = PBXFileReference; explicitFileType = wrapper.application; includeInIndex = 0; path = "Tunnel Flyer.app"; sourceTree = BUILT_PRODUCTS_DIR; };
		EE7BBC7C1CDAF5CC00318415 /* AppDelegate.swift */ = {isa = PBXFileReference; lastKnownFileType = sourcecode.swift; path = AppDelegate.swift; sourceTree = "<group>"; };
		EE7BBC7E1CDAF5CC00318415 /* art.scnassets */ = {isa = PBXFileReference; lastKnownFileType = wrapper.scnassets; path = art.scnassets; sourceTree = "<group>"; };
		EE7BBC801CDAF5CC00318415 /* GameViewController.swift */ = {isa = PBXFileReference; lastKnownFileType = sourcecode.swift; path = GameViewController.swift; sourceTree = "<group>"; };
		EE7BBC831CDAF5CC00318415 /* Base */ = {isa = PBXFileReference; lastKnownFileType = file.storyboard; name = Base; path = Base.lproj/Main.storyboard; sourceTree = "<group>"; };
		EE7BBC851CDAF5CC00318415 /* Assets.xcassets */ = {isa = PBXFileReference; lastKnownFileType = folder.assetcatalog; path = Assets.xcassets; sourceTree = "<group>"; };
		EE7BBC881CDAF5CC00318415 /* Base */ = {isa = PBXFileReference; lastKnownFileType = file.storyboard; name = Base; path = Base.lproj/LaunchScreen.storyboard; sourceTree = "<group>"; };
		EE7BBC8A1CDAF5CC00318415 /* Info.plist */ = {isa = PBXFileReference; lastKnownFileType = text.plist.xml; path = Info.plist; sourceTree = "<group>"; };
/* End PBXFileReference section */

/* Begin PBXFrameworksBuildPhase section */
		EE7BBC761CDAF5CC00318415 /* Frameworks */ = {
			isa = PBXFrameworksBuildPhase;
			buildActionMask = 2147483647;
			files = (
			);
			runOnlyForDeploymentPostprocessing = 0;
		};
/* End PBXFrameworksBuildPhase section */

/* Begin PBXGroup section */
		EE7BBC701CDAF5CC00318415 = {
			isa = PBXGroup;
			children = (
				EE7BBC7B1CDAF5CC00318415 /* Tunnel Flyer */,
				EE7BBC7A1CDAF5CC00318415 /* Products */,
			);
			sourceTree = "<group>";
		};
		EE7BBC7A1CDAF5CC00318415 /* Products */ = {
			isa = PBXGroup;
			children = (
				EE7BBC791CDAF5CC00318415 /* Tunnel Flyer.app */,
			);
			name = Products;
			sourceTree = "<group>";
		};
		EE7BBC7B1CDAF5CC00318415 /* Tunnel Flyer */ = {
			isa = PBXGroup;
			children = (
				EE7BBC7C1CDAF5CC00318415 /* AppDelegate.swift */,
				EE7BBC7E1CDAF5CC00318415 /* art.scnassets */,
				EE7BBC801CDAF5CC00318415 /* GameViewController.swift */,
				EE7BBC821CDAF5CC00318415 /* Main.storyboard */,
				EE7BBC851CDAF5CC00318415 /* Assets.xcassets */,
				EE7BBC871CDAF5CC00318415 /* LaunchScreen.storyboard */,
				EE7BBC8A1CDAF5CC00318415 /* Info.plist */,
			);
			path = "Tunnel Flyer";
			sourceTree = "<group>";
		};
/* End PBXGroup section */

/* Begin PBXNativeTarget section */
		EE7BBC781CDAF5CC00318415 /* Tunnel Flyer */ = {
			isa = PBXNativeTarget;
			buildConfigurationList = EE7BBC8D1CDAF5CC00318415 /* Build configuration list for PBXNativeTarget "Tunnel Flyer" */;
			buildPhases = (
				EE7BBC751CDAF5CC00318415 /* Sources */,
				EE7BBC761CDAF5CC00318415 /* Frameworks */,
				EE7BBC771CDAF5CC00318415 /* Resources */,
			);
			buildRules = (
			);
			dependencies = (
			);
			name = "Tunnel Flyer";
			productName = "Tunnel Flyer";
			productReference = EE7BBC791CDAF5CC00318415 /* Tunnel Flyer.app */;
			productType = "com.apple.product-type.application";
		};
/* End PBXNativeTarget section */

/* Begin PBXProject section */
		EE7BBC711CDAF5CC00318415 /* Project object */ = {
			isa = PBXProject;
			attributes = {
				LastSwiftUpdateCheck = 0720;
				LastUpgradeCheck = 0720;
				ORGANIZATIONNAME = "Dan Goyette";
				TargetAttributes = {
					EE7BBC781CDAF5CC00318415 = {
						CreatedOnToolsVersion = 7.2.1;
					};
				};
			};
			buildConfigurationList = EE7BBC741CDAF5CC00318415 /* Build configuration list for PBXProject "Tunnel Flyer" */;
			compatibilityVersion = "Xcode 3.2";
			developmentRegion = English;
			hasScannedForEncodings = 0;
			knownRegions = (
				en,
				Base,
			);
			mainGroup = EE7BBC701CDAF5CC00318415;
			productRefGroup = EE7BBC7A1CDAF5CC00318415 /* Products */;
			projectDirPath = "";
			projectRoot = "";
			targets = (
				EE7BBC781CDAF5CC00318415 /* Tunnel Flyer */,
			);
		};
/* End PBXProject section */

/* Begin PBXResourcesBuildPhase section */
		EE7BBC771CDAF5CC00318415 /* Resources */ = {
			isa = PBXResourcesBuildPhase;
			buildActionMask = 2147483647;
			files = (
				EE7BBC7F1CDAF5CC00318415 /* art.scnassets in Resources */,
				EE7BBC891CDAF5CC00318415 /* LaunchScreen.storyboard in Resources */,
				EE7BBC861CDAF5CC00318415 /* Assets.xcassets in Resources */,
				EE7BBC841CDAF5CC00318415 /* Main.storyboard in Resources */,
			);
			runOnlyForDeploymentPostprocessing = 0;
		};
/* End PBXResourcesBuildPhase section */

/* Begin PBXSourcesBuildPhase section */
		EE7BBC751CDAF5CC00318415 /* Sources */ = {
			isa = PBXSourcesBuildPhase;
			buildActionMask = 2147483647;
			files = (
				EE7BBC811CDAF5CC00318415 /* GameViewController.swift in Sources */,
				EE7BBC7D1CDAF5CC00318415 /* AppDelegate.swift in Sources */,
			);
			runOnlyForDeploymentPostprocessing = 0;
		};
/* End PBXSourcesBuildPhase section */

/* Begin PBXVariantGroup section */
		EE7BBC821CDAF5CC00318415 /* Main.storyboard */ = {
			isa = PBXVariantGroup;
			children = (
				EE7BBC831CDAF5CC00318415 /* Base */,
			);
			name = Main.storyboard;
			sourceTree = "<group>";
		};
		EE7BBC871CDAF5CC00318415 /* LaunchScreen.storyboard */ = {
			isa = PBXVariantGroup;
			children = (
				EE7BBC881CDAF5CC00318415 /* Base */,
			);
			name = LaunchScreen.storyboard;
			sourceTree = "<group>";
		};
/* End PBXVariantGroup section */

/* Begin XCBuildConfiguration section */
		EE7BBC8B1CDAF5CC00318415 /* Debug */ = {
			isa = XCBuildConfiguration;
			buildSettings = {
				ALWAYS_SEARCH_USER_PATHS = NO;
				CLANG_CXX_LANGUAGE_STANDARD = "gnu++0x";
				CLANG_CXX_LIBRARY = "libc++";
				CLANG_ENABLE_MODULES = YES;
				CLANG_ENABLE_OBJC_ARC = YES;
				CLANG_WARN_BOOL_CONVERSION = YES;
				CLANG_WARN_CONSTANT_CONVERSION = YES;
				CLANG_WARN_DIRECT_OBJC_ISA_USAGE = YES_ERROR;
				CLANG_WARN_EMPTY_BODY = YES;
				CLANG_WARN_ENUM_CONVERSION = YES;
				CLANG_WARN_INT_CONVERSION = YES;
				CLANG_WARN_OBJC_ROOT_CLASS = YES_ERROR;
				CLANG_WARN_UNREACHABLE_CODE = YES;
				CLANG_WARN__DUPLICATE_METHOD_MATCH = YES;
				"CODE_SIGN_IDENTITY[sdk=iphoneos*]" = "iPhone Developer";
				COPY_PHASE_STRIP = NO;
				DEBUG_INFORMATION_FORMAT = "dwarf-with-dsym";
				ENABLE_STRICT_OBJC_MSGSEND = YES;
				ENABLE_TESTABILITY = YES;
				GCC_C_LANGUAGE_STANDARD = gnu99;
				GCC_DYNAMIC_NO_PIC = NO;
				GCC_NO_COMMON_BLOCKS = YES;
				GCC_OPTIMIZATION_LEVEL = 0;
				GCC_PREPROCESSOR_DEFINITIONS = (
					"DEBUG=1",
					"$(inherited)",
				);
				GCC_WARN_64_TO_32_BIT_CONVERSION = YES;
				GCC_WARN_ABOUT_RETURN_TYPE = YES_ERROR;
				GCC_WARN_UNDECLARED_SELECTOR = YES;
				GCC_WARN_UNINITIALIZED_AUTOS = YES_AGGRESSIVE;
				GCC_WARN_UNUSED_FUNCTION = YES;
				GCC_WARN_UNUSED_VARIABLE = YES;
				IPHONEOS_DEPLOYMENT_TARGET = 9.2;
				MTL_ENABLE_DEBUG_INFO = YES;
				ONLY_ACTIVE_ARCH = YES;
				SDKROOT = iphoneos;
				SWIFT_OPTIMIZATION_LEVEL = "-Onone";
				TARGETED_DEVICE_FAMILY = "1,2";
			};
			name = Debug;
		};
		EE7BBC8C1CDAF5CC00318415 /* Release */ = {
			isa = XCBuildConfiguration;
			buildSettings = {
				ALWAYS_SEARCH_USER_PATHS = NO;
				CLANG_CXX_LANGUAGE_STANDARD = "gnu++0x";
				CLANG_CXX_LIBRARY = "libc++";
				CLANG_ENABLE_MODULES = YES;
				CLANG_ENABLE_OBJC_ARC = YES;
				CLANG_WARN_BOOL_CONVERSION = YES;
				CLANG_WARN_CONSTANT_CONVERSION = YES;
				CLANG_WARN_DIRECT_OBJC_ISA_USAGE = YES_ERROR;
				CLANG_WARN_EMPTY_BODY = YES;
				CLANG_WARN_ENUM_CONVERSION = YES;
				CLANG_WARN_INT_CONVERSION = YES;
				CLANG_WARN_OBJC_ROOT_CLASS = YES_ERROR;
				CLANG_WARN_UNREACHABLE_CODE = YES;
				CLANG_WARN__DUPLICATE_METHOD_MATCH = YES;
				"CODE_SIGN_IDENTITY[sdk=iphoneos*]" = "iPhone Developer";
				COPY_PHASE_STRIP = NO;
				DEBUG_INFORMATION_FORMAT = "dwarf-with-dsym";
				ENABLE_NS_ASSERTIONS = NO;
				ENABLE_STRICT_OBJC_MSGSEND = YES;
				GCC_C_LANGUAGE_STANDARD = gnu99;
				GCC_NO_COMMON_BLOCKS = YES;
				GCC_WARN_64_TO_32_BIT_CONVERSION = YES;
				GCC_WARN_ABOUT_RETURN_TYPE = YES_ERROR;
				GCC_WARN_UNDECLARED_SELECTOR = YES;
				GCC_WARN_UNINITIALIZED_AUTOS = YES_AGGRESSIVE;
				GCC_WARN_UNUSED_FUNCTION = YES;
				GCC_WARN_UNUSED_VARIABLE = YES;
				IPHONEOS_DEPLOYMENT_TARGET = 9.2;
				MTL_ENABLE_DEBUG_INFO = NO;
				SDKROOT = iphoneos;
				TARGETED_DEVICE_FAMILY = "1,2";
				VALIDATE_PRODUCT = YES;
			};
			name = Release;
		};
		EE7BBC8E1CDAF5CC00318415 /* Debug */ = {
			isa = XCBuildConfiguration;
			buildSettings = {
				ASSETCATALOG_COMPILER_APPICON_NAME = AppIcon;
				INFOPLIST_FILE = "Tunnel Flyer/Info.plist";
				LD_RUNPATH_SEARCH_PATHS = "$(inherited) @executable_path/Frameworks";
				PRODUCT_BUNDLE_IDENTIFIER = "G.Tunnel-Flyer";
				PRODUCT_NAME = "$(TARGET_NAME)";
			};
			name = Debug;
		};
		EE7BBC8F1CDAF5CC00318415 /* Release */ = {
			isa = XCBuildConfiguration;
			buildSettings = {
				ASSETCATALOG_COMPILER_APPICON_NAME = AppIcon;
				INFOPLIST_FILE = "Tunnel Flyer/Info.plist";
				LD_RUNPATH_SEARCH_PATHS = "$(inherited) @executable_path/Frameworks";
				PRODUCT_BUNDLE_IDENTIFIER = "G.Tunnel-Flyer";
				PRODUCT_NAME = "$(TARGET_NAME)";
			};
			name = Release;
		};
/* End XCBuildConfiguration section */

/* Begin XCConfigurationList section */
		EE7BBC741CDAF5CC00318415 /* Build configuration list for PBXProject "Tunnel Flyer" */ = {
			isa = XCConfigurationList;
			buildConfigurations = (
				EE7BBC8B1CDAF5CC00318415 /* Debug */,
				EE7BBC8C1CDAF5CC00318415 /* Release */,
			);
			defaultConfigurationIsVisible = 0;
			defaultConfigurationName = Release;
		};
		EE7BBC8D1CDAF5CC00318415 /* Build configuration list for PBXNativeTarget "Tunnel Flyer" */ = {
			isa = XCConfigurationList;
			buildConfigurations = (
				EE7BBC8E1CDAF5CC00318415 /* Debug */,
				EE7BBC8F1CDAF5CC00318415 /* Release */,
			);
			defaultConfigurationIsVisible = 0;
		};
/* End XCConfigurationList section */
	};
	rootObject = EE7BBC711CDAF5CC00318415 /* Project object */;
}
